# This file is automatically @generated by Poetry 2.1.1 and should not be changed by hand.

[[package]]
name = "core.utils.audit"
version = "1.0.0"
description = "core.utils.audit"
optional = false
python-versions = "*"
groups = ["devcode"]
files = []
develop = false

[package.source]
type = "git"
url = "ssh://git@github.com/poorvijn/core.utils.audit.git"
reference = "main"
resolved_reference = "208dcbbc2d726ff2fb4f8ee97b07cd8a519ea93a"

[[package]]
name = "core.utils.web"
version = "1.0.0"
description = "core.utils.web"
optional = false
python-versions = "*"
groups = ["devcode"]
files = []
develop = false

[package.source]
type = "git"
url = "ssh://git@github.com/poorvijn/core.utils.web.git"
reference = "main"
resolved_reference = "530cf554c95572340f77134f7bf28eae56a6c8b5"

[metadata]
lock-version = "2.1"
python-versions = "3.10.9"
content-hash = "5ea18d603bde26485b3ff9c408afb3fce8fdcda97a0595a1719742b4e5c7c6f1"
